{
  "name": ".kenv",
  "lockfileVersion": 2,
  "requires": true,
  "packages": {
    "": {
      "dependencies": {
        "cloudinary": "^1.26.0",
        "dist-exiftool": "^10.53.0",
        "fs-extra": "^10.0.0",
        "kit": "file:../.kit",
        "node-exiftool": "^2.3.0"
      }
    },
    "../.kit": {
      "name": "kit",
      "version": "1.0.0",
      "license": "ISC",
      "dependencies": {
        "ansi-to-html": "^0.6.15",
        "axios": "^0.21.1",
        "chalk": "^4.1.0",
        "clipboardy": "^2.3.0",
        "date-fns": "^2.21.1",
        "debug": "^4.3.1",
        "degit": "^2.8.4",
        "dotenv": "^8.2.0",
        "download": "^8.0.0",
        "enquirer": "^2.3.6",
        "handlebars": "^4.7.6",
        "lodash": "^4.17.20",
        "lodash-id": "^0.14.0",
        "lowdb": "^2.0.3",
        "marked": "^2.0.1",
        "minimist": "^1.2.5",
        "node-fetch": "^2.6.1",
        "node-ipc": "^9.1.4",
        "node-notifier": "^9.0.1",
        "project-name-generator": "^2.1.9",
        "rxjs": "^7.1.0",
        "scriptkit-octokit": "^1.0.4",
        "shelljs": "^0.8.4",
        "strip-ansi": "^6.0.0",
        "trash": "^7.0.0",
        "uuid": "^8.3.2",
        "zx": "^1.4.0"
      },
      "devDependencies": {
        "@types/lowdb": "^1.0.9",
        "@types/marked": "^2.0.2",
        "@types/minimist": "^1.2.1",
        "@types/node": "^15.3.0",
        "@types/node-fetch": "^2.5.10",
        "@types/node-notifier": "^8.0.0",
        "@types/shelljs": "^0.8.8",
        "concurrently": "^6.0.1",
        "rimraf": "^3.0.2",
        "typescript": "^4.2.3"
      }
    },
    "node_modules/catchment": {
      "version": "1.0.0",
      "resolved": "https://registry.npmjs.org/catchment/-/catchment-1.0.0.tgz",
      "integrity": "sha1-MGH3G+AQJxC+hDKNL5Q2OhZfjEs="
    },
    "node_modules/cloudinary": {
      "version": "1.26.0",
      "resolved": "https://registry.npmjs.org/cloudinary/-/cloudinary-1.26.0.tgz",
      "integrity": "sha512-IMXXthfGKr8WOK6Ja2ixjoMLwEZwYZpomp/WTgsyYvhVxNw1RlszFBevaY5pzwTMRVlUL4/LfgQpMh/GxDe8uw==",
      "dependencies": {
        "cloudinary-core": "^2.10.2",
        "core-js": "3.6.5",
        "lodash": "^4.17.11",
        "q": "^1.5.1"
      },
      "engines": {
        "node": ">=0.6"
      }
    },
    "node_modules/cloudinary-core": {
      "version": "2.11.4",
      "resolved": "https://registry.npmjs.org/cloudinary-core/-/cloudinary-core-2.11.4.tgz",
      "integrity": "sha512-F1BZczD6f5mB73D0c8gl/iuacVQQO+UhckNZxeeS9ZIVeIHbsfqwWiAZMQmIvEb7Wti/9MLU0xVwaWOak2THHA==",
      "peerDependencies": {
        "lodash": ">=4.0"
      }
    },
    "node_modules/core-js": {
      "version": "3.6.5",
      "resolved": "https://registry.npmjs.org/core-js/-/core-js-3.6.5.tgz",
      "integrity": "sha512-vZVEEwZoIsI+vPEuoF9Iqf5H7/M3eeQqWlQnYa8FSKKePuYTf5MWnxb5SDAzCa60b3JBRS5g9b+Dq7b1y/RCrA==",
      "hasInstallScript": true,
      "funding": {
        "type": "opencollective",
        "url": "https://opencollective.com/core-js"
      }
    },
    "node_modules/dist-exiftool": {
      "version": "10.53.0",
      "resolved": "https://registry.npmjs.org/dist-exiftool/-/dist-exiftool-10.53.0.tgz",
      "integrity": "sha1-i9F7rB5D3qzYHZrazQ8eJMaQEA8=",
      "dependencies": {
        "platform-dependent-modules": "0.0.14"
      },
      "optionalDependencies": {
        "exiftool.exe": "10.53",
        "exiftool.pl": "10.53"
      }
    },
    "node_modules/exiftool.exe": {
      "version": "10.53.0",
      "resolved": "https://registry.npmjs.org/exiftool.exe/-/exiftool.exe-10.53.0.tgz",
      "integrity": "sha1-IrHOYPuNtYlGnRqlsKH+CaNbxFQ=",
      "optional": true
    },
    "node_modules/exiftool.pl": {
      "version": "10.53.0",
      "resolved": "https://registry.npmjs.org/exiftool.pl/-/exiftool.pl-10.53.0.tgz",
      "integrity": "sha1-Y8FkazrQrtHOExPXtdB9pNexPYQ=",
      "optional": true
    },
    "node_modules/fs-extra": {
      "version": "10.0.0",
      "resolved": "https://registry.npmjs.org/fs-extra/-/fs-extra-10.0.0.tgz",
      "integrity": "sha512-C5owb14u9eJwizKGdchcDUQeFtlSHHthBk8pbX9Vc1PFZrLombudjDnNns88aYslCyF6IY5SUw3Roz6xShcEIQ==",
      "dependencies": {
        "graceful-fs": "^4.2.0",
        "jsonfile": "^6.0.1",
        "universalify": "^2.0.0"
      },
      "engines": {
        "node": ">=12"
      }
    },
    "node_modules/graceful-fs": {
      "version": "4.2.6",
      "resolved": "https://registry.npmjs.org/graceful-fs/-/graceful-fs-4.2.6.tgz",
      "integrity": "sha512-nTnJ528pbqxYanhpDYsi4Rd8MAeaBA67+RZ10CM1m3bTAVFEDcd5AuA4a6W5YkGZ1iNXHzZz8T6TBKLeBuNriQ=="
    },
    "node_modules/is-stream": {
      "version": "1.1.0",
      "resolved": "https://registry.npmjs.org/is-stream/-/is-stream-1.1.0.tgz",
      "integrity": "sha1-EtSj3U5o4Lec6428hBc66A2RykQ=",
      "engines": {
        "node": ">=0.10.0"
      }
    },
    "node_modules/jsonfile": {
      "version": "6.1.0",
      "resolved": "https://registry.npmjs.org/jsonfile/-/jsonfile-6.1.0.tgz",
      "integrity": "sha512-5dgndWOriYSm5cnYaJNhalLNDKOqFwyDB/rr1E9ZsGciGvKPs8R2xYGCacuf3z6K1YKDz182fd+fY3cn3pMqXQ==",
      "dependencies": {
        "universalify": "^2.0.0"
      },
      "optionalDependencies": {
        "graceful-fs": "^4.1.6"
      }
    },
    "node_modules/kit": {
      "resolved": "../.kit",
      "link": true
    },
    "node_modules/lodash": {
      "version": "4.17.21",
      "resolved": "https://registry.npmjs.org/lodash/-/lodash-4.17.21.tgz",
      "integrity": "sha512-v2kDEe57lecTulaDIuNTPy3Ry4gLGJ6Z1O3vE1krgXZNrsQ+LFTGHVxVjcXPs17LhbZVGedAJv8XZ1tvj5FvSg=="
    },
    "node_modules/makepromise": {
      "version": "1.0.0",
      "resolved": "https://registry.npmjs.org/makepromise/-/makepromise-1.0.0.tgz",
      "integrity": "sha1-vGu2o+Bv1wbfUcKSO2k2+r1wqn8="
    },
    "node_modules/node-exiftool": {
      "version": "2.3.0",
      "resolved": "https://registry.npmjs.org/node-exiftool/-/node-exiftool-2.3.0.tgz",
      "integrity": "sha1-1RQtNN5vFoO0ZVGYtkjn4+5ugKw=",
      "dependencies": {
        "is-stream": "1.1.0",
        "restream": "1.2.0",
        "wrote": "0.6.1"
      }
    },
    "node_modules/platform-dependent-modules": {
      "version": "0.0.14",
      "resolved": "https://registry.npmjs.org/platform-dependent-modules/-/platform-dependent-modules-0.0.14.tgz",
      "integrity": "sha1-PFPQQV2BziLc/eFWZdDP1UHUFhc=",
      "bin": {
        "platform-dependent-modules": "cli.js"
      },
      "engines": {
        "node": ">=0.10"
      }
    },
    "node_modules/q": {
      "version": "1.5.1",
      "resolved": "https://registry.npmjs.org/q/-/q-1.5.1.tgz",
      "integrity": "sha1-fjL3W0E4EpHQRhHxvxQQmsAGUdc=",
      "engines": {
        "node": ">=0.6.0",
        "teleport": ">=0.2.0"
      }
    },
    "node_modules/restream": {
      "version": "1.2.0",
      "resolved": "https://registry.npmjs.org/restream/-/restream-1.2.0.tgz",
      "integrity": "sha1-/ROwMaVOgMxl0YeMQxSfGzpA77s="
    },
    "node_modules/universalify": {
      "version": "2.0.0",
      "resolved": "https://registry.npmjs.org/universalify/-/universalify-2.0.0.tgz",
      "integrity": "sha512-hAZsKq7Yy11Zu1DE0OzWjw7nnLZmJZYTDZZyEFHZdUhV8FkH5MCfoU1XMaxXovpyW5nq5scPqq0ZDP9Zyl04oQ==",
      "engines": {
        "node": ">= 10.0.0"
      }
    },
    "node_modules/wrote": {
      "version": "0.6.1",
      "resolved": "https://registry.npmjs.org/wrote/-/wrote-0.6.1.tgz",
      "integrity": "sha1-7/Ee/dbxhCSnC66i30Mirzdbj74=",
      "dependencies": {
        "catchment": "1.0.0",
        "makepromise": "1.0.0"
      }
    }
  },
  "dependencies": {
    "catchment": {
      "version": "1.0.0",
      "resolved": "https://registry.npmjs.org/catchment/-/catchment-1.0.0.tgz",
      "integrity": "sha1-MGH3G+AQJxC+hDKNL5Q2OhZfjEs="
    },
    "cloudinary": {
      "version": "1.26.0",
      "resolved": "https://registry.npmjs.org/cloudinary/-/cloudinary-1.26.0.tgz",
      "integrity": "sha512-IMXXthfGKr8WOK6Ja2ixjoMLwEZwYZpomp/WTgsyYvhVxNw1RlszFBevaY5pzwTMRVlUL4/LfgQpMh/GxDe8uw==",
      "requires": {
        "cloudinary-core": "^2.10.2",
        "core-js": "3.6.5",
        "lodash": "^4.17.11",
        "q": "^1.5.1"
      }
    },
    "cloudinary-core": {
      "version": "2.11.4",
      "resolved": "https://registry.npmjs.org/cloudinary-core/-/cloudinary-core-2.11.4.tgz",
      "integrity": "sha512-F1BZczD6f5mB73D0c8gl/iuacVQQO+UhckNZxeeS9ZIVeIHbsfqwWiAZMQmIvEb7Wti/9MLU0xVwaWOak2THHA=="
    },
    "core-js": {
      "version": "3.6.5",
      "resolved": "https://registry.npmjs.org/core-js/-/core-js-3.6.5.tgz",
      "integrity": "sha512-vZVEEwZoIsI+vPEuoF9Iqf5H7/M3eeQqWlQnYa8FSKKePuYTf5MWnxb5SDAzCa60b3JBRS5g9b+Dq7b1y/RCrA=="
    },
    "dist-exiftool": {
      "version": "10.53.0",
      "resolved": "https://registry.npmjs.org/dist-exiftool/-/dist-exiftool-10.53.0.tgz",
      "integrity": "sha1-i9F7rB5D3qzYHZrazQ8eJMaQEA8=",
      "requires": {
        "exiftool.exe": "10.53",
        "exiftool.pl": "10.53",
        "platform-dependent-modules": "0.0.14"
      }
    },
    "exiftool.exe": {
      "version": "10.53.0",
      "resolved": "https://registry.npmjs.org/exiftool.exe/-/exiftool.exe-10.53.0.tgz",
      "integrity": "sha1-IrHOYPuNtYlGnRqlsKH+CaNbxFQ=",
      "optional": true
    },
    "exiftool.pl": {
      "version": "10.53.0",
      "resolved": "https://registry.npmjs.org/exiftool.pl/-/exiftool.pl-10.53.0.tgz",
      "integrity": "sha1-Y8FkazrQrtHOExPXtdB9pNexPYQ=",
      "optional": true
    },
    "fs-extra": {
      "version": "10.0.0",
      "resolved": "https://registry.npmjs.org/fs-extra/-/fs-extra-10.0.0.tgz",
      "integrity": "sha512-C5owb14u9eJwizKGdchcDUQeFtlSHHthBk8pbX9Vc1PFZrLombudjDnNns88aYslCyF6IY5SUw3Roz6xShcEIQ==",
      "requires": {
        "graceful-fs": "^4.2.0",
        "jsonfile": "^6.0.1",
        "universalify": "^2.0.0"
      }
    },
    "graceful-fs": {
      "version": "4.2.6",
      "resolved": "https://registry.npmjs.org/graceful-fs/-/graceful-fs-4.2.6.tgz",
      "integrity": "sha512-nTnJ528pbqxYanhpDYsi4Rd8MAeaBA67+RZ10CM1m3bTAVFEDcd5AuA4a6W5YkGZ1iNXHzZz8T6TBKLeBuNriQ=="
    },
    "is-stream": {
      "version": "1.1.0",
      "resolved": "https://registry.npmjs.org/is-stream/-/is-stream-1.1.0.tgz",
      "integrity": "sha1-EtSj3U5o4Lec6428hBc66A2RykQ="
    },
    "jsonfile": {
      "version": "6.1.0",
      "resolved": "https://registry.npmjs.org/jsonfile/-/jsonfile-6.1.0.tgz",
      "integrity": "sha512-5dgndWOriYSm5cnYaJNhalLNDKOqFwyDB/rr1E9ZsGciGvKPs8R2xYGCacuf3z6K1YKDz182fd+fY3cn3pMqXQ==",
      "requires": {
        "graceful-fs": "^4.1.6",
        "universalify": "^2.0.0"
      }
    },
    "kit": {
      "version": "file:../.kit",
      "requires": {
        "@types/lowdb": "^1.0.9",
        "@types/marked": "^2.0.2",
        "@types/minimist": "^1.2.1",
        "@types/node": "^15.3.0",
        "@types/node-fetch": "^2.5.10",
        "@types/node-notifier": "^8.0.0",
        "@types/shelljs": "^0.8.8",
        "ansi-to-html": "^0.6.15",
        "axios": "^0.21.1",
        "chalk": "^4.1.0",
        "clipboardy": "^2.3.0",
        "concurrently": "^6.0.1",
        "date-fns": "^2.21.1",
        "debug": "^4.3.1",
        "degit": "^2.8.4",
        "dotenv": "^8.2.0",
        "download": "^8.0.0",
        "enquirer": "^2.3.6",
        "handlebars": "^4.7.6",
        "lodash": "^4.17.20",
        "lodash-id": "^0.14.0",
        "lowdb": "^2.0.3",
        "marked": "^2.0.1",
        "minimist": "^1.2.5",
        "node-fetch": "^2.6.1",
        "node-ipc": "^9.1.4",
        "node-notifier": "^9.0.1",
        "project-name-generator": "^2.1.9",
        "rimraf": "^3.0.2",
        "rxjs": "^7.1.0",
        "scriptkit-octokit": "^1.0.4",
        "shelljs": "^0.8.4",
        "strip-ansi": "^6.0.0",
        "trash": "^7.0.0",
        "typescript": "^4.2.3",
        "uuid": "^8.3.2",
        "zx": "^1.4.0"
      }
    },
    "lodash": {
      "version": "4.17.21",
      "resolved": "https://registry.npmjs.org/lodash/-/lodash-4.17.21.tgz",
      "integrity": "sha512-v2kDEe57lecTulaDIuNTPy3Ry4gLGJ6Z1O3vE1krgXZNrsQ+LFTGHVxVjcXPs17LhbZVGedAJv8XZ1tvj5FvSg=="
    },
    "makepromise": {
      "version": "1.0.0",
      "resolved": "https://registry.npmjs.org/makepromise/-/makepromise-1.0.0.tgz",
      "integrity": "sha1-vGu2o+Bv1wbfUcKSO2k2+r1wqn8="
    },
    "node-exiftool": {
      "version": "2.3.0",
      "resolved": "https://registry.npmjs.org/node-exiftool/-/node-exiftool-2.3.0.tgz",
      "integrity": "sha1-1RQtNN5vFoO0ZVGYtkjn4+5ugKw=",
      "requires": {
        "is-stream": "1.1.0",
        "restream": "1.2.0",
        "wrote": "0.6.1"
      }
    },
    "platform-dependent-modules": {
      "version": "0.0.14",
      "resolved": "https://registry.npmjs.org/platform-dependent-modules/-/platform-dependent-modules-0.0.14.tgz",
      "integrity": "sha1-PFPQQV2BziLc/eFWZdDP1UHUFhc="
    },
    "q": {
      "version": "1.5.1",
      "resolved": "https://registry.npmjs.org/q/-/q-1.5.1.tgz",
      "integrity": "sha1-fjL3W0E4EpHQRhHxvxQQmsAGUdc="
    },
    "restream": {
      "version": "1.2.0",
      "resolved": "https://registry.npmjs.org/restream/-/restream-1.2.0.tgz",
      "integrity": "sha1-/ROwMaVOgMxl0YeMQxSfGzpA77s="
    },
    "universalify": {
      "version": "2.0.0",
      "resolved": "https://registry.npmjs.org/universalify/-/universalify-2.0.0.tgz",
      "integrity": "sha512-hAZsKq7Yy11Zu1DE0OzWjw7nnLZmJZYTDZZyEFHZdUhV8FkH5MCfoU1XMaxXovpyW5nq5scPqq0ZDP9Zyl04oQ=="
    },
    "wrote": {
      "version": "0.6.1",
      "resolved": "https://registry.npmjs.org/wrote/-/wrote-0.6.1.tgz",
      "integrity": "sha1-7/Ee/dbxhCSnC66i30Mirzdbj74=",
      "requires": {
        "catchment": "1.0.0",
        "makepromise": "1.0.0"
      }
    }
  }
}
